{
  "pins" : [
    {
      "identity" : "swiftybeaver",
      "kind" : "remoteSourceControl",
      "location" : "https://github.com/DoubleNodeOpen/SwiftyBeaver.git",
      "state" : {
        "revision" : "077d7ba1389768c32d6e1c190af6bfb93fb20bc2",
        "version" : "2.1.2"
      }
    }
  ],
  "version" : 2
}
